
Microsoft Visual Studio Solution File, Format Version 12.00
# Visual Studio Version 16
VisualStudioVersion = 16.0.30523.141
MinimumVisualStudioVersion = 10.0.40219.1
Project("{FAE04EC0-301F-11D3-BF4B-00C04F79EFBC}") = "AngularNetCore", "AngularNetCore.csproj", "{9DE3CE70-A425-4914-9189-2D72EF915BEB}"
EndProject
Global
	GlobalSection(SolutionConfigurationPlatforms) = preSolution
		Debug|Any CPU = Debug|Any CPU
		Release|Any CPU = Release|Any CPU
	EndGlobalSection
	GlobalSection(ProjectConfigurationPlatforms) = postSolution
		{9DE3CE70-A425-4914-9189-2D72EF915BEB}.Debug|Any CPU.ActiveCfg = Debug|Any CPU
		{9DE3CE70-A425-4914-9189-2D72EF915BEB}.Debug|Any CPU.Build.0 = Debug|Any CPU
		{9DE3CE70-A425-4914-9189-2D72EF915BEB}.Release|Any CPU.ActiveCfg = Release|Any CPU
		{9DE3CE70-A425-4914-9189-2D72EF915BEB}.Release|Any CPU.Build.0 = Release|Any CPU
	EndGlobalSection
	GlobalSection(SolutionProperties) = preSolution
		HideSolutionNode = FALSE
	EndGlobalSection
	GlobalSection(ExtensibilityGlobals) = postSolution
		SolutionGuid = {565CEE9F-10EA-4E5D-AA19-5D411D2ADD9B}
	EndGlobalSection
EndGlobal
